// !$*UTF8*$!
{
	archiveVersion = 1;
	classes = {
	};
	objectVersion = 55;
	objects = {

/* Begin PBXBuildFile section */
		5627ADA329C77D420049C7DF /* beaverlist.swift in Sources */ = {isa = PBXBuildFile; fileRef = 5627ADA229C77D420049C7DF /* beaverlist.swift */; };
		5627ADA529C77D420049C7DF /* ContentView.swift in Sources */ = {isa = PBXBuildFile; fileRef = 5627ADA429C77D420049C7DF /* ContentView.swift */; };
		5627ADA729C77D440049C7DF /* Assets.xcassets in Resources */ = {isa = PBXBuildFile; fileRef = 5627ADA629C77D440049C7DF /* Assets.xcassets */; };
		5627ADAA29C77D440049C7DF /* Preview Assets.xcassets in Resources */ = {isa = PBXBuildFile; fileRef = 5627ADA929C77D440049C7DF /* Preview Assets.xcassets */; };
		5627ADB429C77D440049C7DF /* beaverlistTests.swift in Sources */ = {isa = PBXBuildFile; fileRef = 5627ADB329C77D440049C7DF /* beaverlistTests.swift */; };
		5627ADBE29C77D440049C7DF /* BeaverlistUITests.swift in Sources */ = {isa = PBXBuildFile; fileRef = 5627ADBD29C77D440049C7DF /* BeaverlistUITests.swift */; };
		5627ADC029C77D440049C7DF /* BeaverlistUITestsLaunchTests.swift in Sources */ = {isa = PBXBuildFile; fileRef = 5627ADBF29C77D440049C7DF /* BeaverlistUITestsLaunchTests.swift */; };
		5627ADCF29C7CC8A0049C7DF /* Colors.swift in Sources */ = {isa = PBXBuildFile; fileRef = 5627ADCE29C7CC8A0049C7DF /* Colors.swift */; };
		5627ADD429C9198A0049C7DF /* Icons.xcassets in Resources */ = {isa = PBXBuildFile; fileRef = 5627ADD329C9198A0049C7DF /* Icons.xcassets */; };
		56AC095029C9E0B200743EF4 /* user_inputs.txt in Resources */ = {isa = PBXBuildFile; fileRef = 56AC094F29C9E0B200743EF4 /* user_inputs.txt */; };
/* End PBXBuildFile section */

/* Begin PBXContainerItemProxy section */
		5627ADB029C77D440049C7DF /* PBXContainerItemProxy */ = {
			isa = PBXContainerItemProxy;
			containerPortal = 5627AD9729C77D420049C7DF /* Project object */;
			proxyType = 1;
			remoteGlobalIDString = 5627AD9E29C77D420049C7DF;
			remoteInfo = test_script_data_input;
		};
		5627ADBA29C77D440049C7DF /* PBXContainerItemProxy */ = {
			isa = PBXContainerItemProxy;
			containerPortal = 5627AD9729C77D420049C7DF /* Project object */;
			proxyType = 1;
			remoteGlobalIDString = 5627AD9E29C77D420049C7DF;
			remoteInfo = test_script_data_input;
		};
/* End PBXContainerItemProxy section */

/* Begin PBXFileReference section */
		5627AD9F29C77D420049C7DF /* Beaverlist.app */ = {isa = PBXFileReference; explicitFileType = wrapper.application; includeInIndex = 0; path = Beaverlist.app; sourceTree = BUILT_PRODUCTS_DIR; };
		5627ADA229C77D420049C7DF /* beaverlist.swift */ = {isa = PBXFileReference; lastKnownFileType = sourcecode.swift; path = beaverlist.swift; sourceTree = "<group>"; };
		5627ADA429C77D420049C7DF /* ContentView.swift */ = {isa = PBXFileReference; lastKnownFileType = sourcecode.swift; path = ContentView.swift; sourceTree = "<group>"; wrapsLines = 0; };
		5627ADA629C77D440049C7DF /* Assets.xcassets */ = {isa = PBXFileReference; lastKnownFileType = folder.assetcatalog; path = Assets.xcassets; sourceTree = "<group>"; };
		5627ADA929C77D440049C7DF /* Preview Assets.xcassets */ = {isa = PBXFileReference; lastKnownFileType = folder.assetcatalog; path = "Preview Assets.xcassets"; sourceTree = "<group>"; };
		5627ADAF29C77D440049C7DF /* BeaverlistTests.xctest */ = {isa = PBXFileReference; explicitFileType = wrapper.cfbundle; includeInIndex = 0; path = BeaverlistTests.xctest; sourceTree = BUILT_PRODUCTS_DIR; };
		5627ADB329C77D440049C7DF /* beaverlistTests.swift */ = {isa = PBXFileReference; lastKnownFileType = sourcecode.swift; path = beaverlistTests.swift; sourceTree = "<group>"; };
		5627ADB929C77D440049C7DF /* BeaverlistUITests.xctest */ = {isa = PBXFileReference; explicitFileType = wrapper.cfbundle; includeInIndex = 0; path = BeaverlistUITests.xctest; sourceTree = BUILT_PRODUCTS_DIR; };
		5627ADBD29C77D440049C7DF /* BeaverlistUITests.swift */ = {isa = PBXFileReference; lastKnownFileType = sourcecode.swift; path = BeaverlistUITests.swift; sourceTree = "<group>"; };
		5627ADBF29C77D440049C7DF /* BeaverlistUITestsLaunchTests.swift */ = {isa = PBXFileReference; lastKnownFileType = sourcecode.swift; path = BeaverlistUITestsLaunchTests.swift; sourceTree = "<group>"; };
		5627ADCC29C786480049C7DF /* user_inputs.txt */ = {isa = PBXFileReference; lastKnownFileType = text; name = user_inputs.txt; path = test_script_data_input/user_inputs.txt; sourceTree = "<group>"; };
		5627ADCE29C7CC8A0049C7DF /* Colors.swift */ = {isa = PBXFileReference; lastKnownFileType = sourcecode.swift; path = Colors.swift; sourceTree = "<group>"; };
		5627ADD329C9198A0049C7DF /* Icons.xcassets */ = {isa = PBXFileReference; lastKnownFileType = folder.assetcatalog; path = Icons.xcassets; sourceTree = "<group>"; };
		56AC094F29C9E0B200743EF4 /* user_inputs.txt */ = {isa = PBXFileReference; lastKnownFileType = text; name = user_inputs.txt; path = beaverlist/user_inputs.txt; sourceTree = "<group>"; };
/* End PBXFileReference section */

/* Begin PBXFrameworksBuildPhase section */
		5627AD9C29C77D420049C7DF /* Frameworks */ = {
			isa = PBXFrameworksBuildPhase;
			buildActionMask = 2147483647;
			files = (
			);
			runOnlyForDeploymentPostprocessing = 0;
		};
		5627ADAC29C77D440049C7DF /* Frameworks */ = {
			isa = PBXFrameworksBuildPhase;
			buildActionMask = 2147483647;
			files = (
			);
			runOnlyForDeploymentPostprocessing = 0;
		};
		5627ADB629C77D440049C7DF /* Frameworks */ = {
			isa = PBXFrameworksBuildPhase;
			buildActionMask = 2147483647;
			files = (
			);
			runOnlyForDeploymentPostprocessing = 0;
		};
/* End PBXFrameworksBuildPhase section */

/* Begin PBXGroup section */
		5627AD9629C77D420049C7DF = {
			isa = PBXGroup;
			children = (
				56AC094F29C9E0B200743EF4 /* user_inputs.txt */,
				5627ADD329C9198A0049C7DF /* Icons.xcassets */,
				5627ADCE29C7CC8A0049C7DF /* Colors.swift */,
				5627ADCC29C786480049C7DF /* user_inputs.txt */,
				5627ADA129C77D420049C7DF /* beaverlist */,
				5627ADB229C77D440049C7DF /* beaverlistTests */,
				5627ADBC29C77D440049C7DF /* beaverlistUITests */,
				5627ADA029C77D420049C7DF /* Products */,
			);
			sourceTree = "<group>";
		};
		5627ADA029C77D420049C7DF /* Products */ = {
			isa = PBXGroup;
			children = (
				5627AD9F29C77D420049C7DF /* Beaverlist.app */,
				5627ADAF29C77D440049C7DF /* BeaverlistTests.xctest */,
				5627ADB929C77D440049C7DF /* BeaverlistUITests.xctest */,
			);
			name = Products;
			sourceTree = "<group>";
		};
		5627ADA129C77D420049C7DF /* beaverlist */ = {
			isa = PBXGroup;
			children = (
				5627ADA229C77D420049C7DF /* beaverlist.swift */,
				5627ADA429C77D420049C7DF /* ContentView.swift */,
				5627ADA629C77D440049C7DF /* Assets.xcassets */,
				5627ADA829C77D440049C7DF /* Preview Content */,
			);
			path = beaverlist;
			sourceTree = "<group>";
		};
		5627ADA829C77D440049C7DF /* Preview Content */ = {
			isa = PBXGroup;
			children = (
				5627ADA929C77D440049C7DF /* Preview Assets.xcassets */,
			);
			path = "Preview Content";
			sourceTree = "<group>";
		};
		5627ADB229C77D440049C7DF /* beaverlistTests */ = {
			isa = PBXGroup;
			children = (
				5627ADB329C77D440049C7DF /* beaverlistTests.swift */,
			);
			path = beaverlistTests;
			sourceTree = "<group>";
		};
		5627ADBC29C77D440049C7DF /* beaverlistUITests */ = {
			isa = PBXGroup;
			children = (
				5627ADBD29C77D440049C7DF /* BeaverlistUITests.swift */,
				5627ADBF29C77D440049C7DF /* BeaverlistUITestsLaunchTests.swift */,
			);
			path = beaverlistUITests;
			sourceTree = "<group>";
		};
/* End PBXGroup section */

/* Begin PBXNativeTarget section */
		5627AD9E29C77D420049C7DF /* Beaverlist */ = {
			isa = PBXNativeTarget;
			buildConfigurationList = 5627ADC329C77D440049C7DF /* Build configuration list for PBXNativeTarget "Beaverlist" */;
			buildPhases = (
				5627AD9B29C77D420049C7DF /* Sources */,
				5627AD9C29C77D420049C7DF /* Frameworks */,
				5627AD9D29C77D420049C7DF /* Resources */,
			);
			buildRules = (
			);
			dependencies = (
			);
			name = Beaverlist;
			productName = test_script_data_input;
			productReference = 5627AD9F29C77D420049C7DF /* Beaverlist.app */;
			productType = "com.apple.product-type.application";
		};
		5627ADAE29C77D440049C7DF /* BeaverlistTests */ = {
			isa = PBXNativeTarget;
			buildConfigurationList = 5627ADC629C77D440049C7DF /* Build configuration list for PBXNativeTarget "BeaverlistTests" */;
			buildPhases = (
				5627ADAB29C77D440049C7DF /* Sources */,
				5627ADAC29C77D440049C7DF /* Frameworks */,
				5627ADAD29C77D440049C7DF /* Resources */,
			);
			buildRules = (
			);
			dependencies = (
				5627ADB129C77D440049C7DF /* PBXTargetDependency */,
			);
			name = BeaverlistTests;
			productName = test_script_data_inputTests;
			productReference = 5627ADAF29C77D440049C7DF /* BeaverlistTests.xctest */;
			productType = "com.apple.product-type.bundle.unit-test";
		};
		5627ADB829C77D440049C7DF /* BeaverlistUITests */ = {
			isa = PBXNativeTarget;
			buildConfigurationList = 5627ADC929C77D440049C7DF /* Build configuration list for PBXNativeTarget "BeaverlistUITests" */;
			buildPhases = (
				5627ADB529C77D440049C7DF /* Sources */,
				5627ADB629C77D440049C7DF /* Frameworks */,
				5627ADB729C77D440049C7DF /* Resources */,
			);
			buildRules = (
			);
			dependencies = (
				5627ADBB29C77D440049C7DF /* PBXTargetDependency */,
			);
			name = BeaverlistUITests;
			productName = test_script_data_inputUITests;
			productReference = 5627ADB929C77D440049C7DF /* BeaverlistUITests.xctest */;
			productType = "com.apple.product-type.bundle.ui-testing";
		};
/* End PBXNativeTarget section */

/* Begin PBXProject section */
		5627AD9729C77D420049C7DF /* Project object */ = {
			isa = PBXProject;
			attributes = {
				BuildIndependentTargetsInParallel = 1;
				LastSwiftUpdateCheck = 1320;
				LastUpgradeCheck = 1320;
				TargetAttributes = {
					5627AD9E29C77D420049C7DF = {
						CreatedOnToolsVersion = 13.2.1;
					};
					5627ADAE29C77D440049C7DF = {
						CreatedOnToolsVersion = 13.2.1;
						TestTargetID = 5627AD9E29C77D420049C7DF;
					};
					5627ADB829C77D440049C7DF = {
						CreatedOnToolsVersion = 13.2.1;
						TestTargetID = 5627AD9E29C77D420049C7DF;
					};
				};
			};
			buildConfigurationList = 5627AD9A29C77D420049C7DF /* Build configuration list for PBXProject "Beaverlist" */;
			compatibilityVersion = "Xcode 13.0";
			developmentRegion = en;
			hasScannedForEncodings = 0;
			knownRegions = (
				en,
				Base,
			);
			mainGroup = 5627AD9629C77D420049C7DF;
			productRefGroup = 5627ADA029C77D420049C7DF /* Products */;
			projectDirPath = "";
			projectRoot = "";
			targets = (
				5627AD9E29C77D420049C7DF /* Beaverlist */,
				5627ADAE29C77D440049C7DF /* BeaverlistTests */,
				5627ADB829C77D440049C7DF /* BeaverlistUITests */,
			);
		};
/* End PBXProject section */

/* Begin PBXResourcesBuildPhase section */
		5627AD9D29C77D420049C7DF /* Resources */ = {
			isa = PBXResourcesBuildPhase;
			buildActionMask = 2147483647;
			files = (
				56AC095029C9E0B200743EF4 /* user_inputs.txt in Resources */,
				5627ADAA29C77D440049C7DF /* Preview Assets.xcassets in Resources */,
				5627ADD429C9198A0049C7DF /* Icons.xcassets in Resources */,
				5627ADA729C77D440049C7DF /* Assets.xcassets in Resources */,
			);
			runOnlyForDeploymentPostprocessing = 0;
		};
		5627ADAD29C77D440049C7DF /* Resources */ = {
			isa = PBXResourcesBuildPhase;
			buildActionMask = 2147483647;
			files = (
			);
			runOnlyForDeploymentPostprocessing = 0;
		};
		5627ADB729C77D440049C7DF /* Resources */ = {
			isa = PBXResourcesBuildPhase;
			buildActionMask = 2147483647;
			files = (
			);
			runOnlyForDeploymentPostprocessing = 0;
		};
/* End PBXResourcesBuildPhase section */

/* Begin PBXSourcesBuildPhase section */
		5627AD9B29C77D420049C7DF /* Sources */ = {
			isa = PBXSourcesBuildPhase;
			buildActionMask = 2147483647;
			files = (
				5627ADA529C77D420049C7DF /* ContentView.swift in Sources */,
				5627ADCF29C7CC8A0049C7DF /* Colors.swift in Sources */,
				5627ADA329C77D420049C7DF /* beaverlist.swift in Sources */,
			);
			runOnlyForDeploymentPostprocessing = 0;
		};
		5627ADAB29C77D440049C7DF /* Sources */ = {
			isa = PBXSourcesBuildPhase;
			buildActionMask = 2147483647;
			files = (
				5627ADB429C77D440049C7DF /* beaverlistTests.swift in Sources */,
			);
			runOnlyForDeploymentPostprocessing = 0;
		};
		5627ADB529C77D440049C7DF /* Sources */ = {
			isa = PBXSourcesBuildPhase;
			buildActionMask = 2147483647;
			files = (
				5627ADC029C77D440049C7DF /* BeaverlistUITestsLaunchTests.swift in Sources */,
				5627ADBE29C77D440049C7DF /* BeaverlistUITests.swift in Sources */,
			);
			runOnlyForDeploymentPostprocessing = 0;
		};
/* End PBXSourcesBuildPhase section */

/* Begin PBXTargetDependency section */
		5627ADB129C77D440049C7DF /* PBXTargetDependency */ = {
			isa = PBXTargetDependency;
			target = 5627AD9E29C77D420049C7DF /* Beaverlist */;
			targetProxy = 5627ADB029C77D440049C7DF /* PBXContainerItemProxy */;
		};
		5627ADBB29C77D440049C7DF /* PBXTargetDependency */ = {
			isa = PBXTargetDependency;
			target = 5627AD9E29C77D420049C7DF /* Beaverlist */;
			targetProxy = 5627ADBA29C77D440049C7DF /* PBXContainerItemProxy */;
		};
/* End PBXTargetDependency section */

/* Begin XCBuildConfiguration section */
		5627ADC129C77D440049C7DF /* Debug */ = {
			isa = XCBuildConfiguration;
			buildSettings = {
				ALWAYS_SEARCH_USER_PATHS = NO;
				CLANG_ANALYZER_NONNULL = YES;
				CLANG_ANALYZER_NUMBER_OBJECT_CONVERSION = YES_AGGRESSIVE;
				CLANG_CXX_LANGUAGE_STANDARD = "gnu++17";
				CLANG_CXX_LIBRARY = "libc++";
				CLANG_ENABLE_MODULES = YES;
				CLANG_ENABLE_OBJC_ARC = YES;
				CLANG_ENABLE_OBJC_WEAK = YES;
				CLANG_WARN_BLOCK_CAPTURE_AUTORELEASING = YES;
				CLANG_WARN_BOOL_CONVERSION = YES;
				CLANG_WARN_COMMA = YES;
				CLANG_WARN_CONSTANT_CONVERSION = YES;
				CLANG_WARN_DEPRECATED_OBJC_IMPLEMENTATIONS = YES;
				CLANG_WARN_DIRECT_OBJC_ISA_USAGE = YES_ERROR;
				CLANG_WARN_DOCUMENTATION_COMMENTS = YES;
				CLANG_WARN_EMPTY_BODY = YES;
				CLANG_WARN_ENUM_CONVERSION = YES;
				CLANG_WARN_INFINITE_RECURSION = YES;
				CLANG_WARN_INT_CONVERSION = YES;
				CLANG_WARN_NON_LITERAL_NULL_CONVERSION = YES;
				CLANG_WARN_OBJC_IMPLICIT_RETAIN_SELF = YES;
				CLANG_WARN_OBJC_LITERAL_CONVERSION = YES;
				CLANG_WARN_OBJC_ROOT_CLASS = YES_ERROR;
				CLANG_WARN_QUOTED_INCLUDE_IN_FRAMEWORK_HEADER = YES;
				CLANG_WARN_RANGE_LOOP_ANALYSIS = YES;
				CLANG_WARN_STRICT_PROTOTYPES = YES;
				CLANG_WARN_SUSPICIOUS_MOVE = YES;
				CLANG_WARN_UNGUARDED_AVAILABILITY = YES_AGGRESSIVE;
				CLANG_WARN_UNREACHABLE_CODE = YES;
				CLANG_WARN__DUPLICATE_METHOD_MATCH = YES;
				COPY_PHASE_STRIP = NO;
				DEBUG_INFORMATION_FORMAT = dwarf;
				ENABLE_STRICT_OBJC_MSGSEND = YES;
				ENABLE_TESTABILITY = YES;
				GCC_C_LANGUAGE_STANDARD = gnu11;
				GCC_DYNAMIC_NO_PIC = NO;
				GCC_NO_COMMON_BLOCKS = YES;
				GCC_OPTIMIZATION_LEVEL = 0;
				GCC_PREPROCESSOR_DEFINITIONS = (
					"DEBUG=1",
					"$(inherited)",
				);
				GCC_WARN_64_TO_32_BIT_CONVERSION = YES;
				GCC_WARN_ABOUT_RETURN_TYPE = YES_ERROR;
				GCC_WARN_UNDECLARED_SELECTOR = YES;
				GCC_WARN_UNINITIALIZED_AUTOS = YES_AGGRESSIVE;
				GCC_WARN_UNUSED_FUNCTION = YES;
				GCC_WARN_UNUSED_VARIABLE = YES;
				IPHONEOS_DEPLOYMENT_TARGET = 14.0;
				MTL_ENABLE_DEBUG_INFO = INCLUDE_SOURCE;
				MTL_FAST_MATH = YES;
				ONLY_ACTIVE_ARCH = YES;
				SDKROOT = iphoneos;
				SWIFT_ACTIVE_COMPILATION_CONDITIONS = DEBUG;
				SWIFT_OPTIMIZATION_LEVEL = "-Onone";
			};
			name = Debug;
		};
		5627ADC229C77D440049C7DF /* Release */ = {
			isa = XCBuildConfiguration;
			buildSettings = {
				ALWAYS_SEARCH_USER_PATHS = NO;
				CLANG_ANALYZER_NONNULL = YES;
				CLANG_ANALYZER_NUMBER_OBJECT_CONVERSION = YES_AGGRESSIVE;
				CLANG_CXX_LANGUAGE_STANDARD = "gnu++17";
				CLANG_CXX_LIBRARY = "libc++";
				CLANG_ENABLE_MODULES = YES;
				CLANG_ENABLE_OBJC_ARC = YES;
				CLANG_ENABLE_OBJC_WEAK = YES;
				CLANG_WARN_BLOCK_CAPTURE_AUTORELEASING = YES;
				CLANG_WARN_BOOL_CONVERSION = YES;
				CLANG_WARN_COMMA = YES;
				CLANG_WARN_CONSTANT_CONVERSION = YES;
				CLANG_WARN_DEPRECATED_OBJC_IMPLEMENTATIONS = YES;
				CLANG_WARN_DIRECT_OBJC_ISA_USAGE = YES_ERROR;
				CLANG_WARN_DOCUMENTATION_COMMENTS = YES;
				CLANG_WARN_EMPTY_BODY = YES;
				CLANG_WARN_ENUM_CONVERSION = YES;
				CLANG_WARN_INFINITE_RECURSION = YES;
				CLANG_WARN_INT_CONVERSION = YES;
				CLANG_WARN_NON_LITERAL_NULL_CONVERSION = YES;
				CLANG_WARN_OBJC_IMPLICIT_RETAIN_SELF = YES;
				CLANG_WARN_OBJC_LITERAL_CONVERSION = YES;
				CLANG_WARN_OBJC_ROOT_CLASS = YES_ERROR;
				CLANG_WARN_QUOTED_INCLUDE_IN_FRAMEWORK_HEADER = YES;
				CLANG_WARN_RANGE_LOOP_ANALYSIS = YES;
				CLANG_WARN_STRICT_PROTOTYPES = YES;
				CLANG_WARN_SUSPICIOUS_MOVE = YES;
				CLANG_WARN_UNGUARDED_AVAILABILITY = YES_AGGRESSIVE;
				CLANG_WARN_UNREACHABLE_CODE = YES;
				CLANG_WARN__DUPLICATE_METHOD_MATCH = YES;
				COPY_PHASE_STRIP = NO;
				DEBUG_INFORMATION_FORMAT = "dwarf-with-dsym";
				ENABLE_NS_ASSERTIONS = NO;
				ENABLE_STRICT_OBJC_MSGSEND = YES;
				GCC_C_LANGUAGE_STANDARD = gnu11;
				GCC_NO_COMMON_BLOCKS = YES;
				GCC_WARN_64_TO_32_BIT_CONVERSION = YES;
				GCC_WARN_ABOUT_RETURN_TYPE = YES_ERROR;
				GCC_WARN_UNDECLARED_SELECTOR = YES;
				GCC_WARN_UNINITIALIZED_AUTOS = YES_AGGRESSIVE;
				GCC_WARN_UNUSED_FUNCTION = YES;
				GCC_WARN_UNUSED_VARIABLE = YES;
				IPHONEOS_DEPLOYMENT_TARGET = 14.0;
				MTL_ENABLE_DEBUG_INFO = NO;
				MTL_FAST_MATH = YES;
				SDKROOT = iphoneos;
				SWIFT_COMPILATION_MODE = wholemodule;
				SWIFT_OPTIMIZATION_LEVEL = "-O";
				VALIDATE_PRODUCT = YES;
			};
			name = Release;
		};
		5627ADC429C77D440049C7DF /* Debug */ = {
			isa = XCBuildConfiguration;
			buildSettings = {
				ASSETCATALOG_COMPILER_APPICON_NAME = AppIcon;
				ASSETCATALOG_COMPILER_GLOBAL_ACCENT_COLOR_NAME = AccentColor;
				CODE_SIGN_IDENTITY = "Apple Development";
				CODE_SIGN_STYLE = Automatic;
				CURRENT_PROJECT_VERSION = 1;
				DEVELOPMENT_ASSET_PATHS = "\"Beaverlist/Preview Content\"";
				DEVELOPMENT_TEAM = 3QGP7XKCJA;
				ENABLE_PREVIEWS = YES;
				GENERATE_INFOPLIST_FILE = YES;
				INFOPLIST_KEY_UIApplicationSceneManifest_Generation = YES;
				INFOPLIST_KEY_UIApplicationSupportsIndirectInputEvents = YES;
				INFOPLIST_KEY_UILaunchScreen_Generation = YES;
				INFOPLIST_KEY_UISupportedInterfaceOrientations_iPad = "UIInterfaceOrientationPortrait UIInterfaceOrientationPortraitUpsideDown UIInterfaceOrientationLandscapeLeft UIInterfaceOrientationLandscapeRight";
				INFOPLIST_KEY_UISupportedInterfaceOrientations_iPhone = "UIInterfaceOrientationPortrait UIInterfaceOrientationLandscapeLeft UIInterfaceOrientationLandscapeRight";
				LD_RUNPATH_SEARCH_PATHS = (
					"$(inherited)",
					"@executable_path/Frameworks",
				);
				MARKETING_VERSION = 1.0;
				PRODUCT_BUNDLE_IDENTIFIER = Beaverlist;
				PRODUCT_NAME = "$(TARGET_NAME)";
				PROVISIONING_PROFILE_SPECIFIER = "";
				SWIFT_EMIT_LOC_STRINGS = YES;
				SWIFT_VERSION = 5.0;
				TARGETED_DEVICE_FAMILY = "1,2";
			};
			name = Debug;
		};
		5627ADC529C77D440049C7DF /* Release */ = {
			isa = XCBuildConfiguration;
			buildSettings = {
				ASSETCATALOG_COMPILER_APPICON_NAME = AppIcon;
				ASSETCATALOG_COMPILER_GLOBAL_ACCENT_COLOR_NAME = AccentColor;
				CODE_SIGN_IDENTITY = "Apple Development";
				CODE_SIGN_STYLE = Automatic;
				CURRENT_PROJECT_VERSION = 1;
				DEVELOPMENT_ASSET_PATHS = "\"Beaverlist/Preview Content\"";
				DEVELOPMENT_TEAM = 3QGP7XKCJA;
				ENABLE_PREVIEWS = YES;
				GENERATE_INFOPLIST_FILE = YES;
				INFOPLIST_KEY_UIApplicationSceneManifest_Generation = YES;
				INFOPLIST_KEY_UIApplicationSupportsIndirectInputEvents = YES;
				INFOPLIST_KEY_UILaunchScreen_Generation = YES;
				INFOPLIST_KEY_UISupportedInterfaceOrientations_iPad = "UIInterfaceOrientationPortrait UIInterfaceOrientationPortraitUpsideDown UIInterfaceOrientationLandscapeLeft UIInterfaceOrientationLandscapeRight";
				INFOPLIST_KEY_UISupportedInterfaceOrientations_iPhone = "UIInterfaceOrientationPortrait UIInterfaceOrientationLandscapeLeft UIInterfaceOrientationLandscapeRight";
				LD_RUNPATH_SEARCH_PATHS = (
					"$(inherited)",
					"@executable_path/Frameworks",
				);
				MARKETING_VERSION = 1.0;
				PRODUCT_BUNDLE_IDENTIFIER = app.beaverlist;
				PRODUCT_NAME = "$(TARGET_NAME)";
				PROVISIONING_PROFILE_SPECIFIER = "";
				SWIFT_EMIT_LOC_STRINGS = YES;
				SWIFT_VERSION = 5.0;
				TARGETED_DEVICE_FAMILY = "1,2";
			};
			name = Release;
		};
		5627ADC729C77D440049C7DF /* Debug */ = {
			isa = XCBuildConfiguration;
			buildSettings = {
				ALWAYS_EMBED_SWIFT_STANDARD_LIBRARIES = YES;
				BUNDLE_LOADER = "$(TEST_HOST)";
				CODE_SIGN_STYLE = Automatic;
				CURRENT_PROJECT_VERSION = 1;
				GENERATE_INFOPLIST_FILE = YES;
				IPHONEOS_DEPLOYMENT_TARGET = 15.2;
				MARKETING_VERSION = 1.0;
				PRODUCT_BUNDLE_IDENTIFIER = beaverlistTests;
				PRODUCT_NAME = "$(TARGET_NAME)";
				SWIFT_EMIT_LOC_STRINGS = NO;
				SWIFT_VERSION = 5.0;
				TARGETED_DEVICE_FAMILY = "1,2";
				TEST_HOST = "$(BUILT_PRODUCTS_DIR)/Beaverlist.app/Beaverlist";
			};
			name = Debug;
		};
		5627ADC829C77D440049C7DF /* Release */ = {
			isa = XCBuildConfiguration;
			buildSettings = {
				ALWAYS_EMBED_SWIFT_STANDARD_LIBRARIES = YES;
				BUNDLE_LOADER = "$(TEST_HOST)";
				CODE_SIGN_STYLE = Automatic;
				CURRENT_PROJECT_VERSION = 1;
				GENERATE_INFOPLIST_FILE = YES;
				IPHONEOS_DEPLOYMENT_TARGET = 15.2;
				MARKETING_VERSION = 1.0;
				PRODUCT_BUNDLE_IDENTIFIER = beaverlistTests;
				PRODUCT_NAME = "$(TARGET_NAME)";
				SWIFT_EMIT_LOC_STRINGS = NO;
				SWIFT_VERSION = 5.0;
				TARGETED_DEVICE_FAMILY = "1,2";
				TEST_HOST = "$(BUILT_PRODUCTS_DIR)/Beaverlist.app/Beaverlist";
			};
			name = Release;
		};
		5627ADCA29C77D440049C7DF /* Debug */ = {
			isa = XCBuildConfiguration;
			buildSettings = {
				ALWAYS_EMBED_SWIFT_STANDARD_LIBRARIES = YES;
				CODE_SIGN_STYLE = Automatic;
				CURRENT_PROJECT_VERSION = 1;
				GENERATE_INFOPLIST_FILE = YES;
				MARKETING_VERSION = 1.0;
				PRODUCT_BUNDLE_IDENTIFIER = beaverlistUITests;
				PRODUCT_NAME = "$(TARGET_NAME)";
				SWIFT_EMIT_LOC_STRINGS = NO;
				SWIFT_VERSION = 5.0;
				TARGETED_DEVICE_FAMILY = "1,2";
				TEST_TARGET_NAME = test_script_data_input;
			};
			name = Debug;
		};
		5627ADCB29C77D440049C7DF /* Release */ = {
			isa = XCBuildConfiguration;
			buildSettings = {
				ALWAYS_EMBED_SWIFT_STANDARD_LIBRARIES = YES;
				CODE_SIGN_STYLE = Automatic;
				CURRENT_PROJECT_VERSION = 1;
				GENERATE_INFOPLIST_FILE = YES;
				MARKETING_VERSION = 1.0;
				PRODUCT_BUNDLE_IDENTIFIER = beaverlistUITests;
				PRODUCT_NAME = "$(TARGET_NAME)";
				SWIFT_EMIT_LOC_STRINGS = NO;
				SWIFT_VERSION = 5.0;
				TARGETED_DEVICE_FAMILY = "1,2";
				TEST_TARGET_NAME = test_script_data_input;
			};
			name = Release;
		};
/* End XCBuildConfiguration section */

/* Begin XCConfigurationList section */
		5627AD9A29C77D420049C7DF /* Build configuration list for PBXProject "Beaverlist" */ = {
			isa = XCConfigurationList;
			buildConfigurations = (
				5627ADC129C77D440049C7DF /* Debug */,
				5627ADC229C77D440049C7DF /* Release */,
			);
			defaultConfigurationIsVisible = 0;
			defaultConfigurationName = Release;
		};
		5627ADC329C77D440049C7DF /* Build configuration list for PBXNativeTarget "Beaverlist" */ = {
			isa = XCConfigurationList;
			buildConfigurations = (
				5627ADC429C77D440049C7DF /* Debug */,
				5627ADC529C77D440049C7DF /* Release */,
			);
			defaultConfigurationIsVisible = 0;
			defaultConfigurationName = Release;
		};
		5627ADC629C77D440049C7DF /* Build configuration list for PBXNativeTarget "BeaverlistTests" */ = {
			isa = XCConfigurationList;
			buildConfigurations = (
				5627ADC729C77D440049C7DF /* Debug */,
				5627ADC829C77D440049C7DF /* Release */,
			);
			defaultConfigurationIsVisible = 0;
			defaultConfigurationName = Release;
		};
		5627ADC929C77D440049C7DF /* Build configuration list for PBXNativeTarget "BeaverlistUITests" */ = {
			isa = XCConfigurationList;
			buildConfigurations = (
				5627ADCA29C77D440049C7DF /* Debug */,
				5627ADCB29C77D440049C7DF /* Release */,
			);
			defaultConfigurationIsVisible = 0;
			defaultConfigurationName = Release;
		};
/* End XCConfigurationList section */
	};
	rootObject = 5627AD9729C77D420049C7DF /* Project object */;
}
